
Microsoft Visual Studio Solution File, Format Version 12.00
# Visual Studio 15
VisualStudioVersion = 15.0.28307.1062
MinimumVisualStudioVersion = 10.0.40219.1
Project("{FAE04EC0-301F-11D3-BF4B-00C04F79EFBC}") = "Birds", "Birds\Birds.csproj", "{1B847662-2D17-4814-BE04-17843767A3AE}"
EndProject
Project("{FAE04EC0-301F-11D3-BF4B-00C04F79EFBC}") = "DataHelper", "DataManager\DataHelper.csproj", "{716CC26C-0B9B-4141-A649-ACE18626D8E7}"
EndProject
Global
	GlobalSection(SolutionConfigurationPlatforms) = preSolution
		Debug|Any CPU = Debug|Any CPU
		Release|Any CPU = Release|Any CPU
	EndGlobalSection
	GlobalSection(ProjectConfigurationPlatforms) = postSolution
		{1B847662-2D17-4814-BE04-17843767A3AE}.Debug|Any CPU.ActiveCfg = Debug|Any CPU
		{1B847662-2D17-4814-BE04-17843767A3AE}.Debug|Any CPU.Build.0 = Debug|Any CPU
		{1B847662-2D17-4814-BE04-17843767A3AE}.Release|Any CPU.ActiveCfg = Release|Any CPU
		{1B847662-2D17-4814-BE04-17843767A3AE}.Release|Any CPU.Build.0 = Release|Any CPU
		{716CC26C-0B9B-4141-A649-ACE18626D8E7}.Debug|Any CPU.ActiveCfg = Debug|Any CPU
		{716CC26C-0B9B-4141-A649-ACE18626D8E7}.Debug|Any CPU.Build.0 = Debug|Any CPU
		{716CC26C-0B9B-4141-A649-ACE18626D8E7}.Release|Any CPU.ActiveCfg = Release|Any CPU
		{716CC26C-0B9B-4141-A649-ACE18626D8E7}.Release|Any CPU.Build.0 = Release|Any CPU
	EndGlobalSection
	GlobalSection(SolutionProperties) = preSolution
		HideSolutionNode = FALSE
	EndGlobalSection
	GlobalSection(ExtensibilityGlobals) = postSolution
		SolutionGuid = {E2B98E0A-D791-4339-A478-4CBD5AA66751}
	EndGlobalSection
EndGlobal
